
Microsoft Visual Studio Solution File, Format Version 12.00
# Visual Studio Version 17
VisualStudioVersion = 17.2.32505.173
MinimumVisualStudioVersion = 10.0.40219.1
Project("{9A19103F-16F7-4668-BE54-9A1E7A4F7556}") = "EcommerceBreno.ProductApi", "EcommerceBreno.ProductApi\EcommerceBreno.ProductApi.csproj", "{85D8C869-EFC4-4360-99DE-33E88556E135}"
EndProject
Project("{2150E333-8FDC-42A3-9474-1A3956D46DE8}") = "Solution Items", "Solution Items", "{767EE7D1-75AD-41E4-A4FA-A5DA37A27B45}"
	ProjectSection(SolutionItems) = preProject
		.editorconfig = .editorconfig
	EndProjectSection
EndProject
Global
	GlobalSection(SolutionConfigurationPlatforms) = preSolution
		Debug|Any CPU = Debug|Any CPU
		Release|Any CPU = Release|Any CPU
	EndGlobalSection
	GlobalSection(ProjectConfigurationPlatforms) = postSolution
		{85D8C869-EFC4-4360-99DE-33E88556E135}.Debug|Any CPU.ActiveCfg = Debug|Any CPU
		{85D8C869-EFC4-4360-99DE-33E88556E135}.Debug|Any CPU.Build.0 = Debug|Any CPU
		{85D8C869-EFC4-4360-99DE-33E88556E135}.Release|Any CPU.ActiveCfg = Release|Any CPU
		{85D8C869-EFC4-4360-99DE-33E88556E135}.Release|Any CPU.Build.0 = Release|Any CPU
	EndGlobalSection
	GlobalSection(SolutionProperties) = preSolution
		HideSolutionNode = FALSE
	EndGlobalSection
	GlobalSection(ExtensibilityGlobals) = postSolution
		SolutionGuid = {D1C8ACB7-7258-4CC6-B74F-BD401D9EED95}
	EndGlobalSection
EndGlobal
